
Microsoft Visual Studio Solution File, Format Version 12.00
# Visual Studio Version 17
VisualStudioVersion = 17.7.34031.279
MinimumVisualStudioVersion = 10.0.40219.1
Project("{8BC9CEB8-8B4A-11D0-8D11-00A0C91BC942}") = "D3 09.09 Visitor", "D3 09.09 Visitor\D3 09.09 Visitor.vcxproj", "{5554B380-B121-41FC-9B29-B58147B9C87B}"
EndProject
Global
	GlobalSection(SolutionConfigurationPlatforms) = preSolution
		Debug|x64 = Debug|x64
		Debug|x86 = Debug|x86
		Release|x64 = Release|x64
		Release|x86 = Release|x86
	EndGlobalSection
	GlobalSection(ProjectConfigurationPlatforms) = postSolution
		{5554B380-B121-41FC-9B29-B58147B9C87B}.Debug|x64.ActiveCfg = Debug|x64
		{5554B380-B121-41FC-9B29-B58147B9C87B}.Debug|x64.Build.0 = Debug|x64
		{5554B380-B121-41FC-9B29-B58147B9C87B}.Debug|x86.ActiveCfg = Debug|Win32
		{5554B380-B121-41FC-9B29-B58147B9C87B}.Debug|x86.Build.0 = Debug|Win32
		{5554B380-B121-41FC-9B29-B58147B9C87B}.Release|x64.ActiveCfg = Release|x64
		{5554B380-B121-41FC-9B29-B58147B9C87B}.Release|x64.Build.0 = Release|x64
		{5554B380-B121-41FC-9B29-B58147B9C87B}.Release|x86.ActiveCfg = Release|Win32
		{5554B380-B121-41FC-9B29-B58147B9C87B}.Release|x86.Build.0 = Release|Win32
	EndGlobalSection
	GlobalSection(SolutionProperties) = preSolution
		HideSolutionNode = FALSE
	EndGlobalSection
	GlobalSection(ExtensibilityGlobals) = postSolution
		SolutionGuid = {1FFDBDB1-36D9-443B-BB4A-862029D3CF84}
	EndGlobalSection
EndGlobal
